// !$*UTF8*$!
{
	archiveVersion = 1;
	classes = {
	};
	objectVersion = 50;
	objects = {

/* Begin PBXBuildFile section */
		D07517682609529D0091CFB3 /* main.swift in Sources */ = {isa = PBXBuildFile; fileRef = D07517672609529D0091CFB3 /* main.swift */; };
		D075181E260D0DEE0091CFB3 /* AppSettings.swift in Sources */ = {isa = PBXBuildFile; fileRef = D075181A260D0DEE0091CFB3 /* AppSettings.swift */; };
		D0751820260D0DEE0091CFB3 /* Extensions.swift in Sources */ = {isa = PBXBuildFile; fileRef = D075181C260D0DEE0091CFB3 /* Extensions.swift */; };
		D0751821260D0DEE0091CFB3 /* GeneralHelpers.swift in Sources */ = {isa = PBXBuildFile; fileRef = D075181D260D0DEE0091CFB3 /* GeneralHelpers.swift */; };
		D09D29F226F3EF7D00800813 /* SocketServerTests.swift in Sources */ = {isa = PBXBuildFile; fileRef = D09D29F126F3EF7D00800813 /* SocketServerTests.swift */; };
		D0EF458527164DEE00472885 /* MteDec.swift in Sources */ = {isa = PBXBuildFile; fileRef = D0EF456327164DEE00472885 /* MteDec.swift */; };
		D0EF458627164DEE00472885 /* MteBase.swift in Sources */ = {isa = PBXBuildFile; fileRef = D0EF456427164DEE00472885 /* MteBase.swift */; };
		D0EF458727164DEE00472885 /* libmte_supp.a in Frameworks */ = {isa = PBXBuildFile; fileRef = D0EF457D27164DEE00472885 /* libmte_supp.a */; };
		D0EF458827164DEE00472885 /* libmte_mkee.a in Frameworks */ = {isa = PBXBuildFile; fileRef = D0EF457E27164DEE00472885 /* libmte_mkee.a */; };
		D0EF458927164DEE00472885 /* libmte_mted.a in Frameworks */ = {isa = PBXBuildFile; fileRef = D0EF457F27164DEE00472885 /* libmte_mted.a */; };
		D0EF458A27164DEE00472885 /* libmte_mked.a in Frameworks */ = {isa = PBXBuildFile; fileRef = D0EF458027164DEE00472885 /* libmte_mked.a */; };
		D0EF458B27164DEE00472885 /* libmte_mtee.a in Frameworks */ = {isa = PBXBuildFile; fileRef = D0EF458127164DEE00472885 /* libmte_mtee.a */; };
		D0EF458C27164DEE00472885 /* libmte_flen.a in Frameworks */ = {isa = PBXBuildFile; fileRef = D0EF458227164DEE00472885 /* libmte_flen.a */; };
		D0EF458D27164DEE00472885 /* libmte_mteb.a in Frameworks */ = {isa = PBXBuildFile; fileRef = D0EF458327164DEE00472885 /* libmte_mteb.a */; };
		D0EF458E27164DEE00472885 /* MteEnc.swift in Sources */ = {isa = PBXBuildFile; fileRef = D0EF458427164DEE00472885 /* MteEnc.swift */; };
/* End PBXBuildFile section */

/* Begin PBXCopyFilesBuildPhase section */
		D07517552609495C0091CFB3 /* CopyFiles */ = {
			isa = PBXCopyFilesBuildPhase;
			buildActionMask = 2147483647;
			dstPath = /usr/share/man/man1/;
			dstSubfolderSpec = 0;
			files = (
			);
			runOnlyForDeploymentPostprocessing = 1;
		};
/* End PBXCopyFilesBuildPhase section */

/* Begin PBXFileReference section */
		D07517572609495C0091CFB3 /* SocketServer */ = {isa = PBXFileReference; explicitFileType = "compiled.mach-o.executable"; includeInIndex = 0; path = SocketServer; sourceTree = BUILT_PRODUCTS_DIR; };
		D07517672609529D0091CFB3 /* main.swift */ = {isa = PBXFileReference; lastKnownFileType = sourcecode.swift; path = main.swift; sourceTree = "<group>"; };
		D075181A260D0DEE0091CFB3 /* AppSettings.swift */ = {isa = PBXFileReference; fileEncoding = 4; lastKnownFileType = sourcecode.swift; path = AppSettings.swift; sourceTree = "<group>"; };
		D075181C260D0DEE0091CFB3 /* Extensions.swift */ = {isa = PBXFileReference; fileEncoding = 4; lastKnownFileType = sourcecode.swift; path = Extensions.swift; sourceTree = "<group>"; };
		D075181D260D0DEE0091CFB3 /* GeneralHelpers.swift */ = {isa = PBXFileReference; fileEncoding = 4; lastKnownFileType = sourcecode.swift; path = GeneralHelpers.swift; sourceTree = "<group>"; };
		D09D29EF26F3EF7D00800813 /* SocketServerTests.xctest */ = {isa = PBXFileReference; explicitFileType = wrapper.cfbundle; includeInIndex = 0; path = SocketServerTests.xctest; sourceTree = BUILT_PRODUCTS_DIR; };
		D09D29F126F3EF7D00800813 /* SocketServerTests.swift */ = {isa = PBXFileReference; lastKnownFileType = sourcecode.swift; path = SocketServerTests.swift; sourceTree = "<group>"; };
		D09D29F326F3EF7D00800813 /* Info.plist */ = {isa = PBXFileReference; lastKnownFileType = text.plist.xml; path = Info.plist; sourceTree = "<group>"; };
		D0EF456327164DEE00472885 /* MteDec.swift */ = {isa = PBXFileReference; fileEncoding = 4; lastKnownFileType = sourcecode.swift; path = MteDec.swift; sourceTree = "<group>"; };
		D0EF456427164DEE00472885 /* MteBase.swift */ = {isa = PBXFileReference; fileEncoding = 4; lastKnownFileType = sourcecode.swift; path = MteBase.swift; sourceTree = "<group>"; };
		D0EF456627164DEE00472885 /* mte_flen_enc.h */ = {isa = PBXFileReference; fileEncoding = 4; lastKnownFileType = sourcecode.c.h; path = mte_flen_enc.h; sourceTree = "<group>"; };
		D0EF456727164DEE00472885 /* mte_verifiers.h */ = {isa = PBXFileReference; fileEncoding = 4; lastKnownFileType = sourcecode.c.h; path = mte_verifiers.h; sourceTree = "<group>"; };
		D0EF456827164DEE00472885 /* mte_mke_dec.h */ = {isa = PBXFileReference; fileEncoding = 4; lastKnownFileType = sourcecode.c.h; path = mte_mke_dec.h; sourceTree = "<group>"; };
		D0EF456927164DEE00472885 /* mte_license.h */ = {isa = PBXFileReference; fileEncoding = 4; lastKnownFileType = sourcecode.c.h; path = mte_license.h; sourceTree = "<group>"; };
		D0EF456A27164DEE00472885 /* mte_verifier_defs.h */ = {isa = PBXFileReference; fileEncoding = 4; lastKnownFileType = sourcecode.c.h; path = mte_verifier_defs.h; sourceTree = "<group>"; };
		D0EF456B27164DEE00472885 /* mte_status.h */ = {isa = PBXFileReference; fileEncoding = 4; lastKnownFileType = sourcecode.c.h; path = mte_status.h; sourceTree = "<group>"; };
		D0EF456C27164DEE00472885 /* mte_export.h */ = {isa = PBXFileReference; fileEncoding = 4; lastKnownFileType = sourcecode.c.h; path = mte_export.h; sourceTree = "<group>"; };
		D0EF456D27164DEE00472885 /* mte_supp_flen.h */ = {isa = PBXFileReference; fileEncoding = 4; lastKnownFileType = sourcecode.c.h; path = mte_supp_flen.h; sourceTree = "<group>"; };
		D0EF456E27164DEE00472885 /* mte_supp_mke.h */ = {isa = PBXFileReference; fileEncoding = 4; lastKnownFileType = sourcecode.c.h; path = mte_supp_mke.h; sourceTree = "<group>"; };
		D0EF456F27164DEE00472885 /* mte_cipher_defs.h */ = {isa = PBXFileReference; fileEncoding = 4; lastKnownFileType = sourcecode.c.h; path = mte_cipher_defs.h; sourceTree = "<group>"; };
		D0EF457027164DEE00472885 /* mte_random_defs.h */ = {isa = PBXFileReference; fileEncoding = 4; lastKnownFileType = sourcecode.c.h; path = mte_random_defs.h; sourceTree = "<group>"; };
		D0EF457127164DEE00472885 /* mte_hashes.h */ = {isa = PBXFileReference; fileEncoding = 4; lastKnownFileType = sourcecode.c.h; path = mte_hashes.h; sourceTree = "<group>"; };
		D0EF457227164DEE00472885 /* mte_mke_enc.h */ = {isa = PBXFileReference; fileEncoding = 4; lastKnownFileType = sourcecode.c.h; path = mte_mke_enc.h; sourceTree = "<group>"; };
		D0EF457327164DEE00472885 /* mte_alloca.h */ = {isa = PBXFileReference; fileEncoding = 4; lastKnownFileType = sourcecode.c.h; path = mte_alloca.h; sourceTree = "<group>"; };
		D0EF457427164DEE00472885 /* mte_base.h */ = {isa = PBXFileReference; fileEncoding = 4; lastKnownFileType = sourcecode.c.h; path = mte_base.h; sourceTree = "<group>"; };
		D0EF457527164DEE00472885 /* mte_supp.h */ = {isa = PBXFileReference; fileEncoding = 4; lastKnownFileType = sourcecode.c.h; path = mte_supp.h; sourceTree = "<group>"; };
		D0EF457627164DEE00472885 /* mte_ciphers.h */ = {isa = PBXFileReference; fileEncoding = 4; lastKnownFileType = sourcecode.c.h; path = mte_ciphers.h; sourceTree = "<group>"; };
		D0EF457727164DEE00472885 /* mte_dec.h */ = {isa = PBXFileReference; fileEncoding = 4; lastKnownFileType = sourcecode.c.h; path = mte_dec.h; sourceTree = "<group>"; };
		D0EF457827164DEE00472885 /* mte_int.h */ = {isa = PBXFileReference; fileEncoding = 4; lastKnownFileType = sourcecode.c.h; path = mte_int.h; sourceTree = "<group>"; };
		D0EF457927164DEE00472885 /* mte_enc.h */ = {isa = PBXFileReference; fileEncoding = 4; lastKnownFileType = sourcecode.c.h; path = mte_enc.h; sourceTree = "<group>"; };
		D0EF457A27164DEE00472885 /* mte_drbgs.h */ = {isa = PBXFileReference; fileEncoding = 4; lastKnownFileType = sourcecode.c.h; path = mte_drbgs.h; sourceTree = "<group>"; };
		D0EF457B27164DEE00472885 /* mte_hash_defs.h */ = {isa = PBXFileReference; fileEncoding = 4; lastKnownFileType = sourcecode.c.h; path = mte_hash_defs.h; sourceTree = "<group>"; };
		D0EF457D27164DEE00472885 /* libmte_supp.a */ = {isa = PBXFileReference; lastKnownFileType = archive.ar; path = libmte_supp.a; sourceTree = "<group>"; };
		D0EF457E27164DEE00472885 /* libmte_mkee.a */ = {isa = PBXFileReference; lastKnownFileType = archive.ar; path = libmte_mkee.a; sourceTree = "<group>"; };
		D0EF457F27164DEE00472885 /* libmte_mted.a */ = {isa = PBXFileReference; lastKnownFileType = archive.ar; path = libmte_mted.a; sourceTree = "<group>"; };
		D0EF458027164DEE00472885 /* libmte_mked.a */ = {isa = PBXFileReference; lastKnownFileType = archive.ar; path = libmte_mked.a; sourceTree = "<group>"; };
		D0EF458127164DEE00472885 /* libmte_mtee.a */ = {isa = PBXFileReference; lastKnownFileType = archive.ar; path = libmte_mtee.a; sourceTree = "<group>"; };
		D0EF458227164DEE00472885 /* libmte_flen.a */ = {isa = PBXFileReference; lastKnownFileType = archive.ar; path = libmte_flen.a; sourceTree = "<group>"; };
		D0EF458327164DEE00472885 /* libmte_mteb.a */ = {isa = PBXFileReference; lastKnownFileType = archive.ar; path = libmte_mteb.a; sourceTree = "<group>"; };
		D0EF458427164DEE00472885 /* MteEnc.swift */ = {isa = PBXFileReference; fileEncoding = 4; lastKnownFileType = sourcecode.swift; path = MteEnc.swift; sourceTree = "<group>"; };
/* End PBXFileReference section */

/* Begin PBXFrameworksBuildPhase section */
		D07517542609495C0091CFB3 /* Frameworks */ = {
			isa = PBXFrameworksBuildPhase;
			buildActionMask = 2147483647;
			files = (
				D0EF458927164DEE00472885 /* libmte_mted.a in Frameworks */,
				D0EF458D27164DEE00472885 /* libmte_mteb.a in Frameworks */,
				D0EF458B27164DEE00472885 /* libmte_mtee.a in Frameworks */,
				D0EF458A27164DEE00472885 /* libmte_mked.a in Frameworks */,
				D0EF458C27164DEE00472885 /* libmte_flen.a in Frameworks */,
				D0EF458827164DEE00472885 /* libmte_mkee.a in Frameworks */,
				D0EF458727164DEE00472885 /* libmte_supp.a in Frameworks */,
			);
			runOnlyForDeploymentPostprocessing = 0;
		};
		D09D29EC26F3EF7D00800813 /* Frameworks */ = {
			isa = PBXFrameworksBuildPhase;
			buildActionMask = 2147483647;
			files = (
			);
			runOnlyForDeploymentPostprocessing = 0;
		};
/* End PBXFrameworksBuildPhase section */

/* Begin PBXGroup section */
		D075174E2609495C0091CFB3 = {
			isa = PBXGroup;
			children = (
				D0EF456227164DEE00472885 /* MTE */,
				D0751819260D0DEE0091CFB3 /* Common */,
				D07517592609495C0091CFB3 /* SocketServer */,
				D09D29F026F3EF7D00800813 /* SocketServerTests */,
				D07517582609495C0091CFB3 /* Products */,
				D09D29F826F3F1AC00800813 /* Frameworks */,
			);
			sourceTree = "<group>";
		};
		D07517582609495C0091CFB3 /* Products */ = {
			isa = PBXGroup;
			children = (
				D07517572609495C0091CFB3 /* SocketServer */,
				D09D29EF26F3EF7D00800813 /* SocketServerTests.xctest */,
			);
			name = Products;
			sourceTree = "<group>";
		};
		D07517592609495C0091CFB3 /* SocketServer */ = {
			isa = PBXGroup;
			children = (
				D07517672609529D0091CFB3 /* main.swift */,
			);
			path = SocketServer;
			sourceTree = "<group>";
		};
		D0751819260D0DEE0091CFB3 /* Common */ = {
			isa = PBXGroup;
			children = (
				D075181A260D0DEE0091CFB3 /* AppSettings.swift */,
				D075181C260D0DEE0091CFB3 /* Extensions.swift */,
				D075181D260D0DEE0091CFB3 /* GeneralHelpers.swift */,
			);
			name = Common;
			path = ../Common;
			sourceTree = "<group>";
		};
		D09D29F026F3EF7D00800813 /* SocketServerTests */ = {
			isa = PBXGroup;
			children = (
				D09D29F126F3EF7D00800813 /* SocketServerTests.swift */,
				D09D29F326F3EF7D00800813 /* Info.plist */,
			);
			path = SocketServerTests;
			sourceTree = "<group>";
		};
		D09D29F826F3F1AC00800813 /* Frameworks */ = {
			isa = PBXGroup;
			children = (
			);
			name = Frameworks;
			sourceTree = "<group>";
		};
		D0EF456227164DEE00472885 /* MTE */ = {
			isa = PBXGroup;
			children = (
				D0EF456327164DEE00472885 /* MteDec.swift */,
				D0EF456427164DEE00472885 /* MteBase.swift */,
				D0EF456527164DEE00472885 /* include */,
				D0EF457C27164DEE00472885 /* lib */,
				D0EF458427164DEE00472885 /* MteEnc.swift */,
			);
			name = MTE;
			path = ../MTE;
			sourceTree = "<group>";
		};
		D0EF456527164DEE00472885 /* include */ = {
			isa = PBXGroup;
			children = (
				D0EF456627164DEE00472885 /* mte_flen_enc.h */,
				D0EF456727164DEE00472885 /* mte_verifiers.h */,
				D0EF456827164DEE00472885 /* mte_mke_dec.h */,
				D0EF456927164DEE00472885 /* mte_license.h */,
				D0EF456A27164DEE00472885 /* mte_verifier_defs.h */,
				D0EF456B27164DEE00472885 /* mte_status.h */,
				D0EF456C27164DEE00472885 /* mte_export.h */,
				D0EF456D27164DEE00472885 /* mte_supp_flen.h */,
				D0EF456E27164DEE00472885 /* mte_supp_mke.h */,
				D0EF456F27164DEE00472885 /* mte_cipher_defs.h */,
				D0EF457027164DEE00472885 /* mte_random_defs.h */,
				D0EF457127164DEE00472885 /* mte_hashes.h */,
				D0EF457227164DEE00472885 /* mte_mke_enc.h */,
				D0EF457327164DEE00472885 /* mte_alloca.h */,
				D0EF457427164DEE00472885 /* mte_base.h */,
				D0EF457527164DEE00472885 /* mte_supp.h */,
				D0EF457627164DEE00472885 /* mte_ciphers.h */,
				D0EF457727164DEE00472885 /* mte_dec.h */,
				D0EF457827164DEE00472885 /* mte_int.h */,
				D0EF457927164DEE00472885 /* mte_enc.h */,
				D0EF457A27164DEE00472885 /* mte_drbgs.h */,
				D0EF457B27164DEE00472885 /* mte_hash_defs.h */,
			);
			path = include;
			sourceTree = "<group>";
		};
		D0EF457C27164DEE00472885 /* lib */ = {
			isa = PBXGroup;
			children = (
				D0EF457D27164DEE00472885 /* libmte_supp.a */,
				D0EF457E27164DEE00472885 /* libmte_mkee.a */,
				D0EF457F27164DEE00472885 /* libmte_mted.a */,
				D0EF458027164DEE00472885 /* libmte_mked.a */,
				D0EF458127164DEE00472885 /* libmte_mtee.a */,
				D0EF458227164DEE00472885 /* libmte_flen.a */,
				D0EF458327164DEE00472885 /* libmte_mteb.a */,
			);
			path = lib;
			sourceTree = "<group>";
		};
/* End PBXGroup section */

/* Begin PBXNativeTarget section */
		D07517562609495C0091CFB3 /* SocketServer */ = {
			isa = PBXNativeTarget;
			buildConfigurationList = D075175E2609495C0091CFB3 /* Build configuration list for PBXNativeTarget "SocketServer" */;
			buildPhases = (
				D07517532609495C0091CFB3 /* Sources */,
				D07517542609495C0091CFB3 /* Frameworks */,
				D07517552609495C0091CFB3 /* CopyFiles */,
			);
			buildRules = (
			);
			dependencies = (
			);
			name = SocketServer;
			productName = SocketServer;
			productReference = D07517572609495C0091CFB3 /* SocketServer */;
			productType = "com.apple.product-type.tool";
		};
		D09D29EE26F3EF7D00800813 /* SocketServerTests */ = {
			isa = PBXNativeTarget;
			buildConfigurationList = D09D29F626F3EF7E00800813 /* Build configuration list for PBXNativeTarget "SocketServerTests" */;
			buildPhases = (
				D09D29EB26F3EF7D00800813 /* Sources */,
				D09D29EC26F3EF7D00800813 /* Frameworks */,
				D09D29ED26F3EF7D00800813 /* Resources */,
			);
			buildRules = (
			);
			dependencies = (
			);
			name = SocketServerTests;
			productName = SocketServerTests;
			productReference = D09D29EF26F3EF7D00800813 /* SocketServerTests.xctest */;
			productType = "com.apple.product-type.bundle.unit-test";
		};
/* End PBXNativeTarget section */

/* Begin PBXProject section */
		D075174F2609495C0091CFB3 /* Project object */ = {
			isa = PBXProject;
			attributes = {
				LastSwiftUpdateCheck = 1250;
				LastUpgradeCheck = 1250;
				ORGANIZATIONNAME = "Eclypses Inc.";
				TargetAttributes = {
					D07517562609495C0091CFB3 = {
						CreatedOnToolsVersion = 12.4;
						LastSwiftMigration = 1240;
					};
					D09D29EE26F3EF7D00800813 = {
						CreatedOnToolsVersion = 12.5.1;
					};
				};
			};
			buildConfigurationList = D07517522609495C0091CFB3 /* Build configuration list for PBXProject "SocketServer" */;
			compatibilityVersion = "Xcode 9.3";
			developmentRegion = en;
			hasScannedForEncodings = 0;
			knownRegions = (
				en,
				Base,
			);
			mainGroup = D075174E2609495C0091CFB3;
			productRefGroup = D07517582609495C0091CFB3 /* Products */;
			projectDirPath = "";
			projectRoot = "";
			targets = (
				D07517562609495C0091CFB3 /* SocketServer */,
				D09D29EE26F3EF7D00800813 /* SocketServerTests */,
			);
		};
/* End PBXProject section */

/* Begin PBXResourcesBuildPhase section */
		D09D29ED26F3EF7D00800813 /* Resources */ = {
			isa = PBXResourcesBuildPhase;
			buildActionMask = 2147483647;
			files = (
			);
			runOnlyForDeploymentPostprocessing = 0;
		};
/* End PBXResourcesBuildPhase section */

/* Begin PBXSourcesBuildPhase section */
		D07517532609495C0091CFB3 /* Sources */ = {
			isa = PBXSourcesBuildPhase;
			buildActionMask = 2147483647;
			files = (
				D075181E260D0DEE0091CFB3 /* AppSettings.swift in Sources */,
				D0EF458627164DEE00472885 /* MteBase.swift in Sources */,
				D0EF458527164DEE00472885 /* MteDec.swift in Sources */,
				D0751820260D0DEE0091CFB3 /* Extensions.swift in Sources */,
				D0EF458E27164DEE00472885 /* MteEnc.swift in Sources */,
				D0751821260D0DEE0091CFB3 /* GeneralHelpers.swift in Sources */,
				D07517682609529D0091CFB3 /* main.swift in Sources */,
			);
			runOnlyForDeploymentPostprocessing = 0;
		};
		D09D29EB26F3EF7D00800813 /* Sources */ = {
			isa = PBXSourcesBuildPhase;
			buildActionMask = 2147483647;
			files = (
				D09D29F226F3EF7D00800813 /* SocketServerTests.swift in Sources */,
			);
			runOnlyForDeploymentPostprocessing = 0;
		};
/* End PBXSourcesBuildPhase section */

/* Begin XCBuildConfiguration section */
		D075175C2609495C0091CFB3 /* Debug */ = {
			isa = XCBuildConfiguration;
			buildSettings = {
				ALWAYS_SEARCH_USER_PATHS = NO;
				CLANG_ANALYZER_NONNULL = YES;
				CLANG_ANALYZER_NUMBER_OBJECT_CONVERSION = YES_AGGRESSIVE;
				CLANG_CXX_LANGUAGE_STANDARD = "gnu++14";
				CLANG_CXX_LIBRARY = "libc++";
				CLANG_ENABLE_MODULES = YES;
				CLANG_ENABLE_OBJC_ARC = YES;
				CLANG_ENABLE_OBJC_WEAK = YES;
				CLANG_WARN_BLOCK_CAPTURE_AUTORELEASING = YES;
				CLANG_WARN_BOOL_CONVERSION = YES;
				CLANG_WARN_COMMA = YES;
				CLANG_WARN_CONSTANT_CONVERSION = YES;
				CLANG_WARN_DEPRECATED_OBJC_IMPLEMENTATIONS = YES;
				CLANG_WARN_DIRECT_OBJC_ISA_USAGE = YES_ERROR;
				CLANG_WARN_DOCUMENTATION_COMMENTS = YES;
				CLANG_WARN_EMPTY_BODY = YES;
				CLANG_WARN_ENUM_CONVERSION = YES;
				CLANG_WARN_INFINITE_RECURSION = YES;
				CLANG_WARN_INT_CONVERSION = YES;
				CLANG_WARN_NON_LITERAL_NULL_CONVERSION = YES;
				CLANG_WARN_OBJC_IMPLICIT_RETAIN_SELF = YES;
				CLANG_WARN_OBJC_LITERAL_CONVERSION = YES;
				CLANG_WARN_OBJC_ROOT_CLASS = YES_ERROR;
				CLANG_WARN_QUOTED_INCLUDE_IN_FRAMEWORK_HEADER = YES;
				CLANG_WARN_RANGE_LOOP_ANALYSIS = YES;
				CLANG_WARN_STRICT_PROTOTYPES = YES;
				CLANG_WARN_SUSPICIOUS_MOVE = YES;
				CLANG_WARN_UNGUARDED_AVAILABILITY = YES_AGGRESSIVE;
				CLANG_WARN_UNREACHABLE_CODE = YES;
				CLANG_WARN__DUPLICATE_METHOD_MATCH = YES;
				COPY_PHASE_STRIP = NO;
				DEBUG_INFORMATION_FORMAT = dwarf;
				ENABLE_STRICT_OBJC_MSGSEND = YES;
				ENABLE_TESTABILITY = YES;
				GCC_C_LANGUAGE_STANDARD = gnu11;
				GCC_DYNAMIC_NO_PIC = NO;
				GCC_NO_COMMON_BLOCKS = YES;
				GCC_OPTIMIZATION_LEVEL = 0;
				GCC_PREPROCESSOR_DEFINITIONS = (
					"DEBUG=1",
					"$(inherited)",
				);
				GCC_WARN_64_TO_32_BIT_CONVERSION = YES;
				GCC_WARN_ABOUT_RETURN_TYPE = YES_ERROR;
				GCC_WARN_UNDECLARED_SELECTOR = YES;
				GCC_WARN_UNINITIALIZED_AUTOS = YES_AGGRESSIVE;
				GCC_WARN_UNUSED_FUNCTION = YES;
				GCC_WARN_UNUSED_VARIABLE = YES;
				MACOSX_DEPLOYMENT_TARGET = 11.1;
				MTL_ENABLE_DEBUG_INFO = INCLUDE_SOURCE;
				MTL_FAST_MATH = YES;
				ONLY_ACTIVE_ARCH = YES;
				SDKROOT = macosx;
				SWIFT_ACTIVE_COMPILATION_CONDITIONS = DEBUG;
				SWIFT_OPTIMIZATION_LEVEL = "-Onone";
			};
			name = Debug;
		};
		D075175D2609495C0091CFB3 /* Release */ = {
			isa = XCBuildConfiguration;
			buildSettings = {
				ALWAYS_SEARCH_USER_PATHS = NO;
				CLANG_ANALYZER_NONNULL = YES;
				CLANG_ANALYZER_NUMBER_OBJECT_CONVERSION = YES_AGGRESSIVE;
				CLANG_CXX_LANGUAGE_STANDARD = "gnu++14";
				CLANG_CXX_LIBRARY = "libc++";
				CLANG_ENABLE_MODULES = YES;
				CLANG_ENABLE_OBJC_ARC = YES;
				CLANG_ENABLE_OBJC_WEAK = YES;
				CLANG_WARN_BLOCK_CAPTURE_AUTORELEASING = YES;
				CLANG_WARN_BOOL_CONVERSION = YES;
				CLANG_WARN_COMMA = YES;
				CLANG_WARN_CONSTANT_CONVERSION = YES;
				CLANG_WARN_DEPRECATED_OBJC_IMPLEMENTATIONS = YES;
				CLANG_WARN_DIRECT_OBJC_ISA_USAGE = YES_ERROR;
				CLANG_WARN_DOCUMENTATION_COMMENTS = YES;
				CLANG_WARN_EMPTY_BODY = YES;
				CLANG_WARN_ENUM_CONVERSION = YES;
				CLANG_WARN_INFINITE_RECURSION = YES;
				CLANG_WARN_INT_CONVERSION = YES;
				CLANG_WARN_NON_LITERAL_NULL_CONVERSION = YES;
				CLANG_WARN_OBJC_IMPLICIT_RETAIN_SELF = YES;
				CLANG_WARN_OBJC_LITERAL_CONVERSION = YES;
				CLANG_WARN_OBJC_ROOT_CLASS = YES_ERROR;
				CLANG_WARN_QUOTED_INCLUDE_IN_FRAMEWORK_HEADER = YES;
				CLANG_WARN_RANGE_LOOP_ANALYSIS = YES;
				CLANG_WARN_STRICT_PROTOTYPES = YES;
				CLANG_WARN_SUSPICIOUS_MOVE = YES;
				CLANG_WARN_UNGUARDED_AVAILABILITY = YES_AGGRESSIVE;
				CLANG_WARN_UNREACHABLE_CODE = YES;
				CLANG_WARN__DUPLICATE_METHOD_MATCH = YES;
				COPY_PHASE_STRIP = NO;
				DEBUG_INFORMATION_FORMAT = "dwarf-with-dsym";
				ENABLE_NS_ASSERTIONS = NO;
				ENABLE_STRICT_OBJC_MSGSEND = YES;
				GCC_C_LANGUAGE_STANDARD = gnu11;
				GCC_NO_COMMON_BLOCKS = YES;
				GCC_WARN_64_TO_32_BIT_CONVERSION = YES;
				GCC_WARN_ABOUT_RETURN_TYPE = YES_ERROR;
				GCC_WARN_UNDECLARED_SELECTOR = YES;
				GCC_WARN_UNINITIALIZED_AUTOS = YES_AGGRESSIVE;
				GCC_WARN_UNUSED_FUNCTION = YES;
				GCC_WARN_UNUSED_VARIABLE = YES;
				MACOSX_DEPLOYMENT_TARGET = 11.1;
				MTL_ENABLE_DEBUG_INFO = NO;
				MTL_FAST_MATH = YES;
				SDKROOT = macosx;
				SWIFT_COMPILATION_MODE = wholemodule;
				SWIFT_OPTIMIZATION_LEVEL = "-O";
			};
			name = Release;
		};
		D075175F2609495C0091CFB3 /* Debug */ = {
			isa = XCBuildConfiguration;
			buildSettings = {
				CLANG_ENABLE_MODULES = YES;
				CODE_SIGN_IDENTITY = "-";
				CODE_SIGN_STYLE = Automatic;
				DEVELOPMENT_TEAM = 8V98ZVB9SU;
				ENABLE_HARDENED_RUNTIME = YES;
				LD_RUNPATH_SEARCH_PATHS = (
					"$(inherited)",
					"@executable_path/../Frameworks",
					"@loader_path/../Frameworks",
				);
				LIBRARY_SEARCH_PATHS = ../MTE/lib;
				PRODUCT_NAME = "$(TARGET_NAME)";
				SWIFT_OBJC_BRIDGING_HEADER = "../Common/Bridging-Header.h";
				SWIFT_OPTIMIZATION_LEVEL = "-Onone";
				SWIFT_VERSION = 5.0;
			};
			name = Debug;
		};
		D07517602609495C0091CFB3 /* Release */ = {
			isa = XCBuildConfiguration;
			buildSettings = {
				CLANG_ENABLE_MODULES = YES;
				CODE_SIGN_IDENTITY = "-";
				CODE_SIGN_STYLE = Automatic;
				DEVELOPMENT_TEAM = 8V98ZVB9SU;
				ENABLE_HARDENED_RUNTIME = YES;
				LD_RUNPATH_SEARCH_PATHS = (
					"$(inherited)",
					"@executable_path/../Frameworks",
					"@loader_path/../Frameworks",
				);
				LIBRARY_SEARCH_PATHS = ../MTE/lib;
				PRODUCT_NAME = "$(TARGET_NAME)";
				SWIFT_OBJC_BRIDGING_HEADER = "../Common/Bridging-Header.h";
				SWIFT_VERSION = 5.0;
			};
			name = Release;
		};
		D09D29F426F3EF7E00800813 /* Debug */ = {
			isa = XCBuildConfiguration;
			buildSettings = {
				CODE_SIGN_STYLE = Automatic;
				COMBINE_HIDPI_IMAGES = YES;
				DEVELOPMENT_TEAM = 8V98ZVB9SU;
				INFOPLIST_FILE = SocketServerTests/Info.plist;
				LD_RUNPATH_SEARCH_PATHS = (
					"$(inherited)",
					"@executable_path/../Frameworks",
					"@loader_path/../Frameworks",
				);
				LIBRARY_SEARCH_PATHS = ../MTE/lib;
				MACOSX_DEPLOYMENT_TARGET = 11.3;
				PRODUCT_BUNDLE_IDENTIFIER = com.eclypses.SocketServerTests;
				PRODUCT_NAME = "$(TARGET_NAME)";
				SWIFT_OBJC_BRIDGING_HEADER = "../Common/Bridging-Header.h";
				SWIFT_VERSION = 5.0;
			};
			name = Debug;
		};
		D09D29F526F3EF7E00800813 /* Release */ = {
			isa = XCBuildConfiguration;
			buildSettings = {
				CODE_SIGN_STYLE = Automatic;
				COMBINE_HIDPI_IMAGES = YES;
				DEVELOPMENT_TEAM = 8V98ZVB9SU;
				INFOPLIST_FILE = SocketServerTests/Info.plist;
				LD_RUNPATH_SEARCH_PATHS = (
					"$(inherited)",
					"@executable_path/../Frameworks",
					"@loader_path/../Frameworks",
				);
				LIBRARY_SEARCH_PATHS = ../MTE/lib;
				MACOSX_DEPLOYMENT_TARGET = 11.3;
				PRODUCT_BUNDLE_IDENTIFIER = com.eclypses.SocketServerTests;
				PRODUCT_NAME = "$(TARGET_NAME)";
				SWIFT_OBJC_BRIDGING_HEADER = "../Common/Bridging-Header.h";
				SWIFT_VERSION = 5.0;
			};
			name = Release;
		};
/* End XCBuildConfiguration section */

/* Begin XCConfigurationList section */
		D07517522609495C0091CFB3 /* Build configuration list for PBXProject "SocketServer" */ = {
			isa = XCConfigurationList;
			buildConfigurations = (
				D075175C2609495C0091CFB3 /* Debug */,
				D075175D2609495C0091CFB3 /* Release */,
			);
			defaultConfigurationIsVisible = 0;
			defaultConfigurationName = Release;
		};
		D075175E2609495C0091CFB3 /* Build configuration list for PBXNativeTarget "SocketServer" */ = {
			isa = XCConfigurationList;
			buildConfigurations = (
				D075175F2609495C0091CFB3 /* Debug */,
				D07517602609495C0091CFB3 /* Release */,
			);
			defaultConfigurationIsVisible = 0;
			defaultConfigurationName = Release;
		};
		D09D29F626F3EF7E00800813 /* Build configuration list for PBXNativeTarget "SocketServerTests" */ = {
			isa = XCConfigurationList;
			buildConfigurations = (
				D09D29F426F3EF7E00800813 /* Debug */,
				D09D29F526F3EF7E00800813 /* Release */,
			);
			defaultConfigurationIsVisible = 0;
			defaultConfigurationName = Release;
		};
/* End XCConfigurationList section */
	};
	rootObject = D075174F2609495C0091CFB3 /* Project object */;
}
